{
  "name": "canteen-connect",
  "lockfileVersion": 3,
  "requires": true,
  "packages": {
    "": {
      "dependencies": {
        "p": "^0.2.0"
      }
    },
    "node_modules/p": {
      "version": "0.2.0",
      "resolved": "https://registry.npmjs.org/p/-/p-0.2.0.tgz",
      "integrity": "sha512-+FO3CEcP1no7VLm9widissk+aKCXjdx3kH59TUe8rJdGttZ0wbIPGKwW81g3H7aoIoUcl+iUrhODM1zfYE9/Zg==",
      "engines": {
        "node": ">=0.4.0"
      }
    }
  }
}
